
Microsoft Visual Studio Solution File, Format Version 12.00
# Visual Studio Version 17
VisualStudioVersion = 17.8.34511.84
MinimumVisualStudioVersion = 10.0.40219.1
Project("{9A19103F-16F7-4668-BE54-9A1E7A4F7556}") = "Drugstore.Api", "Drugstore.Api\Drugstore.Api.csproj", "{9ED3EE53-F172-4BB3-9C66-1DA351B0565E}"
EndProject
Project("{9A19103F-16F7-4668-BE54-9A1E7A4F7556}") = "Drugstore.Domain", "Drugstore.Domain\Drugstore.Domain.csproj", "{9B431089-DE07-449A-8341-DCF6F151416E}"
EndProject
Project("{9A19103F-16F7-4668-BE54-9A1E7A4F7556}") = "Drugstore.Application", "Drugstore.App\Drugstore.Application.csproj", "{55A1C075-15DA-48BF-A60A-4491A03787EE}"
EndProject
Project("{9A19103F-16F7-4668-BE54-9A1E7A4F7556}") = "Drugstore.Infrastructure", "Drugstore.Infrastructure\Drugstore.Infrastructure.csproj", "{A26B337B-25E6-44A1-92BD-EB9C32BB71FE}"
EndProject
Project("{2150E333-8FDC-42A3-9474-1A3956D46DE8}") = "docs", "docs", "{CB89BF2E-D69A-460C-A1C3-5C25053B9D9C}"
EndProject
Project("{2150E333-8FDC-42A3-9474-1A3956D46DE8}") = "Elementos de la solución", "Elementos de la solución", "{5C6DE545-1C53-46EC-80FE-D0676B85856C}"
	ProjectSection(SolutionItems) = preProject
		docker-compose.yml = docker-compose.yml
	EndProjectSection
EndProject
Global
	GlobalSection(SolutionConfigurationPlatforms) = preSolution
		Debug|Any CPU = Debug|Any CPU
		Release|Any CPU = Release|Any CPU
	EndGlobalSection
	GlobalSection(ProjectConfigurationPlatforms) = postSolution
		{9ED3EE53-F172-4BB3-9C66-1DA351B0565E}.Debug|Any CPU.ActiveCfg = Debug|Any CPU
		{9ED3EE53-F172-4BB3-9C66-1DA351B0565E}.Debug|Any CPU.Build.0 = Debug|Any CPU
		{9ED3EE53-F172-4BB3-9C66-1DA351B0565E}.Release|Any CPU.ActiveCfg = Release|Any CPU
		{9ED3EE53-F172-4BB3-9C66-1DA351B0565E}.Release|Any CPU.Build.0 = Release|Any CPU
		{9B431089-DE07-449A-8341-DCF6F151416E}.Debug|Any CPU.ActiveCfg = Debug|Any CPU
		{9B431089-DE07-449A-8341-DCF6F151416E}.Debug|Any CPU.Build.0 = Debug|Any CPU
		{9B431089-DE07-449A-8341-DCF6F151416E}.Release|Any CPU.ActiveCfg = Release|Any CPU
		{9B431089-DE07-449A-8341-DCF6F151416E}.Release|Any CPU.Build.0 = Release|Any CPU
		{55A1C075-15DA-48BF-A60A-4491A03787EE}.Debug|Any CPU.ActiveCfg = Debug|Any CPU
		{55A1C075-15DA-48BF-A60A-4491A03787EE}.Debug|Any CPU.Build.0 = Debug|Any CPU
		{55A1C075-15DA-48BF-A60A-4491A03787EE}.Release|Any CPU.ActiveCfg = Release|Any CPU
		{55A1C075-15DA-48BF-A60A-4491A03787EE}.Release|Any CPU.Build.0 = Release|Any CPU
		{A26B337B-25E6-44A1-92BD-EB9C32BB71FE}.Debug|Any CPU.ActiveCfg = Debug|Any CPU
		{A26B337B-25E6-44A1-92BD-EB9C32BB71FE}.Debug|Any CPU.Build.0 = Debug|Any CPU
		{A26B337B-25E6-44A1-92BD-EB9C32BB71FE}.Release|Any CPU.ActiveCfg = Release|Any CPU
		{A26B337B-25E6-44A1-92BD-EB9C32BB71FE}.Release|Any CPU.Build.0 = Release|Any CPU
	EndGlobalSection
	GlobalSection(SolutionProperties) = preSolution
		HideSolutionNode = FALSE
	EndGlobalSection
	GlobalSection(ExtensibilityGlobals) = postSolution
		SolutionGuid = {1A5A46EB-D0BB-4BAC-8C44-7FE0BA55F058}
	EndGlobalSection
EndGlobal
